PODS:
  - AVOSCloud (2.6.11)
  - AVOSCloudSNS (2.6.11):
    - AVOSCloud
  - RESideMenu (4.0.7)

DEPENDENCIES:
  - AVOSCloud
  - AVOSCloudSNS
  - RESideMenu (~> 4.0.7)

SPEC CHECKSUMS:
  AVOSCloud: e2fc2896944edf90f83fb161c3d73e5f55edcbef
  AVOSCloudSNS: 481a4611c3c5896b544f901ddf4e2edcb688eef5
  RESideMenu: a9c1cd2e64e60e1d3166ddac01a83e215a0e4d30

COCOAPODS: 0.34.4
