PODS:
  - AVOSCloud (2.6.11)
  - AVOSCloudSNS (2.6.11):
    - AVOSCloud
  - MJRefresh (1.4.1)

DEPENDENCIES:
  - AVOSCloud
  - AVOSCloudSNS
  - MJRefresh

SPEC CHECKSUMS:
  AVOSCloud: a9696c027bc2ddee625d65f141c2a7eaa9f781a5
  AVOSCloudSNS: 69ab272a3d293ad23c319a2a88d514564d26dd47
  MJRefresh: 6a0fd4c81a957803bd99bbbf55a956d1d6f41263

COCOAPODS: 0.36.3
