// !$*UTF8*$!
{
	archiveVersion = 1;
	classes = {
	};
	objectVersion = 46;
	objects = {

/* Begin PBXBuildFile section */
		09E7B8FE1AA98892006E7442 /* AppDelegate.swift in Sources */ = {isa = PBXBuildFile; fileRef = 09E7B8FD1AA98892006E7442 /* AppDelegate.swift */; };
		09E7B9031AA98892006E7442 /* Main.storyboard in Resources */ = {isa = PBXBuildFile; fileRef = 09E7B9011AA98892006E7442 /* Main.storyboard */; };
		09E7B9051AA98892006E7442 /* Images.xcassets in Resources */ = {isa = PBXBuildFile; fileRef = 09E7B9041AA98892006E7442 /* Images.xcassets */; };
		09E7B9081AA98892006E7442 /* LaunchScreen.xib in Resources */ = {isa = PBXBuildFile; fileRef = 09E7B9061AA98892006E7442 /* LaunchScreen.xib */; };
		09E7B9141AA98892006E7442 /* SkatingTests.swift in Sources */ = {isa = PBXBuildFile; fileRef = 09E7B9131AA98892006E7442 /* SkatingTests.swift */; };
		09E7B9201AA99143006E7442 /* MenuViewController.swift in Sources */ = {isa = PBXBuildFile; fileRef = 09E7B91F1AA99143006E7442 /* MenuViewController.swift */; };
		09E7B9221AA99197006E7442 /* BaseViewController.swift in Sources */ = {isa = PBXBuildFile; fileRef = 09E7B9211AA99197006E7442 /* BaseViewController.swift */; };
		09E7B9241AA991B2006E7442 /* CircleListViewController.swift in Sources */ = {isa = PBXBuildFile; fileRef = 09E7B9231AA991B2006E7442 /* CircleListViewController.swift */; };
		09E7B9271AA995C8006E7442 /* PostListViewController.swift in Sources */ = {isa = PBXBuildFile; fileRef = 09E7B9261AA995C8006E7442 /* PostListViewController.swift */; };
		09E7B92C1AA997E3006E7442 /* PostListCell.swift in Sources */ = {isa = PBXBuildFile; fileRef = 09E7B92A1AA997E3006E7442 /* PostListCell.swift */; };
		09E7B92D1AA997E3006E7442 /* PostListCell.xib in Resources */ = {isa = PBXBuildFile; fileRef = 09E7B92B1AA997E3006E7442 /* PostListCell.xib */; };
		09E7B9301AA9A542006E7442 /* PostModel.swift in Sources */ = {isa = PBXBuildFile; fileRef = 09E7B92F1AA9A542006E7442 /* PostModel.swift */; };
		E17CAB697AD45FEB9A421F75 /* libPods.a in Frameworks */ = {isa = PBXBuildFile; fileRef = 0FCE9D7A4E86D3DF82929A78 /* libPods.a */; };
/* End PBXBuildFile section */

/* Begin PBXContainerItemProxy section */
		09E7B90E1AA98892006E7442 /* PBXContainerItemProxy */ = {
			isa = PBXContainerItemProxy;
			containerPortal = 09E7B8F01AA98891006E7442 /* Project object */;
			proxyType = 1;
			remoteGlobalIDString = 09E7B8F71AA98892006E7442;
			remoteInfo = Skating;
		};
/* End PBXContainerItemProxy section */

/* Begin PBXFileReference section */
		04573E389BDEBF93DB35F4C9 /* Pods.release.xcconfig */ = {isa = PBXFileReference; includeInIndex = 1; lastKnownFileType = text.xcconfig; name = Pods.release.xcconfig; path = "Pods/Target Support Files/Pods/Pods.release.xcconfig"; sourceTree = "<group>"; };
		09E7B8F81AA98892006E7442 /* Skating.app */ = {isa = PBXFileReference; explicitFileType = wrapper.application; includeInIndex = 0; path = Skating.app; sourceTree = BUILT_PRODUCTS_DIR; };
		09E7B8FC1AA98892006E7442 /* Info.plist */ = {isa = PBXFileReference; lastKnownFileType = text.plist.xml; path = Info.plist; sourceTree = "<group>"; };
		09E7B8FD1AA98892006E7442 /* AppDelegate.swift */ = {isa = PBXFileReference; lastKnownFileType = sourcecode.swift; path = AppDelegate.swift; sourceTree = "<group>"; };
		09E7B9021AA98892006E7442 /* Base */ = {isa = PBXFileReference; lastKnownFileType = file.storyboard; name = Base; path = Base.lproj/Main.storyboard; sourceTree = "<group>"; };
		09E7B9041AA98892006E7442 /* Images.xcassets */ = {isa = PBXFileReference; lastKnownFileType = folder.assetcatalog; path = Images.xcassets; sourceTree = "<group>"; };
		09E7B9071AA98892006E7442 /* Base */ = {isa = PBXFileReference; lastKnownFileType = file.xib; name = Base; path = Base.lproj/LaunchScreen.xib; sourceTree = "<group>"; };
		09E7B90D1AA98892006E7442 /* SkatingTests.xctest */ = {isa = PBXFileReference; explicitFileType = wrapper.cfbundle; includeInIndex = 0; path = SkatingTests.xctest; sourceTree = BUILT_PRODUCTS_DIR; };
		09E7B9121AA98892006E7442 /* Info.plist */ = {isa = PBXFileReference; lastKnownFileType = text.plist.xml; path = Info.plist; sourceTree = "<group>"; };
		09E7B9131AA98892006E7442 /* SkatingTests.swift */ = {isa = PBXFileReference; lastKnownFileType = sourcecode.swift; path = SkatingTests.swift; sourceTree = "<group>"; };
		09E7B91F1AA99143006E7442 /* MenuViewController.swift */ = {isa = PBXFileReference; fileEncoding = 4; lastKnownFileType = sourcecode.swift; path = MenuViewController.swift; sourceTree = "<group>"; };
		09E7B9211AA99197006E7442 /* BaseViewController.swift */ = {isa = PBXFileReference; fileEncoding = 4; lastKnownFileType = sourcecode.swift; path = BaseViewController.swift; sourceTree = "<group>"; };
		09E7B9231AA991B2006E7442 /* CircleListViewController.swift */ = {isa = PBXFileReference; fileEncoding = 4; lastKnownFileType = sourcecode.swift; path = CircleListViewController.swift; sourceTree = "<group>"; };
		09E7B9251AA99245006E7442 /* bridge.h */ = {isa = PBXFileReference; lastKnownFileType = sourcecode.c.h; path = bridge.h; sourceTree = "<group>"; };
		09E7B9261AA995C8006E7442 /* PostListViewController.swift */ = {isa = PBXFileReference; fileEncoding = 4; lastKnownFileType = sourcecode.swift; path = PostListViewController.swift; sourceTree = "<group>"; };
		09E7B92A1AA997E3006E7442 /* PostListCell.swift */ = {isa = PBXFileReference; fileEncoding = 4; lastKnownFileType = sourcecode.swift; path = PostListCell.swift; sourceTree = "<group>"; };
		09E7B92B1AA997E3006E7442 /* PostListCell.xib */ = {isa = PBXFileReference; fileEncoding = 4; lastKnownFileType = file.xib; path = PostListCell.xib; sourceTree = "<group>"; };
		09E7B92F1AA9A542006E7442 /* PostModel.swift */ = {isa = PBXFileReference; fileEncoding = 4; lastKnownFileType = sourcecode.swift; path = PostModel.swift; sourceTree = "<group>"; };
		0D10E7A9D3F64358392E269B /* Pods.debug.xcconfig */ = {isa = PBXFileReference; includeInIndex = 1; lastKnownFileType = text.xcconfig; name = Pods.debug.xcconfig; path = "Pods/Target Support Files/Pods/Pods.debug.xcconfig"; sourceTree = "<group>"; };
		0FCE9D7A4E86D3DF82929A78 /* libPods.a */ = {isa = PBXFileReference; explicitFileType = archive.ar; includeInIndex = 0; path = libPods.a; sourceTree = BUILT_PRODUCTS_DIR; };
/* End PBXFileReference section */

/* Begin PBXFrameworksBuildPhase section */
		09E7B8F51AA98892006E7442 /* Frameworks */ = {
			isa = PBXFrameworksBuildPhase;
			buildActionMask = 2147483647;
			files = (
				E17CAB697AD45FEB9A421F75 /* libPods.a in Frameworks */,
			);
			runOnlyForDeploymentPostprocessing = 0;
		};
		09E7B90A1AA98892006E7442 /* Frameworks */ = {
			isa = PBXFrameworksBuildPhase;
			buildActionMask = 2147483647;
			files = (
			);
			runOnlyForDeploymentPostprocessing = 0;
		};
/* End PBXFrameworksBuildPhase section */

/* Begin PBXGroup section */
		09E7B8EF1AA98891006E7442 = {
			isa = PBXGroup;
			children = (
				09E7B8FA1AA98892006E7442 /* Skating */,
				09E7B9101AA98892006E7442 /* SkatingTests */,
				09E7B8F91AA98892006E7442 /* Products */,
				2931938D7ACCA179199ACDCE /* Pods */,
				5C6D0B20069E4F9D0BA1F899 /* Frameworks */,
			);
			sourceTree = "<group>";
		};
		09E7B8F91AA98892006E7442 /* Products */ = {
			isa = PBXGroup;
			children = (
				09E7B8F81AA98892006E7442 /* Skating.app */,
				09E7B90D1AA98892006E7442 /* SkatingTests.xctest */,
			);
			name = Products;
			sourceTree = "<group>";
		};
		09E7B8FA1AA98892006E7442 /* Skating */ = {
			isa = PBXGroup;
			children = (
				09E7B92E1AA9A50D006E7442 /* Model */,
				09E7B9281AA997A2006E7442 /* View */,
				09E7B91D1AA99131006E7442 /* Circle */,
				09E7B91E1AA99131006E7442 /* Main */,
				09E7B8FD1AA98892006E7442 /* AppDelegate.swift */,
				09E7B9011AA98892006E7442 /* Main.storyboard */,
				09E7B9041AA98892006E7442 /* Images.xcassets */,
				09E7B9061AA98892006E7442 /* LaunchScreen.xib */,
				09E7B8FB1AA98892006E7442 /* Supporting Files */,
				09E7B9251AA99245006E7442 /* bridge.h */,
			);
			path = Skating;
			sourceTree = "<group>";
		};
		09E7B8FB1AA98892006E7442 /* Supporting Files */ = {
			isa = PBXGroup;
			children = (
				09E7B8FC1AA98892006E7442 /* Info.plist */,
			);
			name = "Supporting Files";
			sourceTree = "<group>";
		};
		09E7B9101AA98892006E7442 /* SkatingTests */ = {
			isa = PBXGroup;
			children = (
				09E7B9131AA98892006E7442 /* SkatingTests.swift */,
				09E7B9111AA98892006E7442 /* Supporting Files */,
			);
			path = SkatingTests;
			sourceTree = "<group>";
		};
		09E7B9111AA98892006E7442 /* Supporting Files */ = {
			isa = PBXGroup;
			children = (
				09E7B9121AA98892006E7442 /* Info.plist */,
			);
			name = "Supporting Files";
			sourceTree = "<group>";
		};
		09E7B91D1AA99131006E7442 /* Circle */ = {
			isa = PBXGroup;
			children = (
				09E7B9231AA991B2006E7442 /* CircleListViewController.swift */,
				09E7B9261AA995C8006E7442 /* PostListViewController.swift */,
			);
			path = Circle;
			sourceTree = "<group>";
		};
		09E7B91E1AA99131006E7442 /* Main */ = {
			isa = PBXGroup;
			children = (
				09E7B91F1AA99143006E7442 /* MenuViewController.swift */,
				09E7B9211AA99197006E7442 /* BaseViewController.swift */,
			);
			path = Main;
			sourceTree = "<group>";
		};
		09E7B9281AA997A2006E7442 /* View */ = {
			isa = PBXGroup;
			children = (
				09E7B9291AA997C5006E7442 /* Circle */,
			);
			path = View;
			sourceTree = "<group>";
		};
		09E7B9291AA997C5006E7442 /* Circle */ = {
			isa = PBXGroup;
			children = (
				09E7B92A1AA997E3006E7442 /* PostListCell.swift */,
				09E7B92B1AA997E3006E7442 /* PostListCell.xib */,
			);
			path = Circle;
			sourceTree = "<group>";
		};
		09E7B92E1AA9A50D006E7442 /* Model */ = {
			isa = PBXGroup;
			children = (
				09E7B92F1AA9A542006E7442 /* PostModel.swift */,
			);
			path = Model;
			sourceTree = "<group>";
		};
		2931938D7ACCA179199ACDCE /* Pods */ = {
			isa = PBXGroup;
			children = (
				0D10E7A9D3F64358392E269B /* Pods.debug.xcconfig */,
				04573E389BDEBF93DB35F4C9 /* Pods.release.xcconfig */,
			);
			name = Pods;
			sourceTree = "<group>";
		};
		5C6D0B20069E4F9D0BA1F899 /* Frameworks */ = {
			isa = PBXGroup;
			children = (
				0FCE9D7A4E86D3DF82929A78 /* libPods.a */,
			);
			name = Frameworks;
			sourceTree = "<group>";
		};
/* End PBXGroup section */

/* Begin PBXNativeTarget section */
		09E7B8F71AA98892006E7442 /* Skating */ = {
			isa = PBXNativeTarget;
			buildConfigurationList = 09E7B9171AA98892006E7442 /* Build configuration list for PBXNativeTarget "Skating" */;
			buildPhases = (
				EF3C7184EF17831300592543 /* Check Pods Manifest.lock */,
				09E7B8F41AA98892006E7442 /* Sources */,
				09E7B8F51AA98892006E7442 /* Frameworks */,
				09E7B8F61AA98892006E7442 /* Resources */,
				41CF0622A2D0F20443B7748F /* Copy Pods Resources */,
			);
			buildRules = (
			);
			dependencies = (
			);
			name = Skating;
			productName = Skating;
			productReference = 09E7B8F81AA98892006E7442 /* Skating.app */;
			productType = "com.apple.product-type.application";
		};
		09E7B90C1AA98892006E7442 /* SkatingTests */ = {
			isa = PBXNativeTarget;
			buildConfigurationList = 09E7B91A1AA98892006E7442 /* Build configuration list for PBXNativeTarget "SkatingTests" */;
			buildPhases = (
				09E7B9091AA98892006E7442 /* Sources */,
				09E7B90A1AA98892006E7442 /* Frameworks */,
				09E7B90B1AA98892006E7442 /* Resources */,
			);
			buildRules = (
			);
			dependencies = (
				09E7B90F1AA98892006E7442 /* PBXTargetDependency */,
			);
			name = SkatingTests;
			productName = SkatingTests;
			productReference = 09E7B90D1AA98892006E7442 /* SkatingTests.xctest */;
			productType = "com.apple.product-type.bundle.unit-test";
		};
/* End PBXNativeTarget section */

/* Begin PBXProject section */
		09E7B8F01AA98891006E7442 /* Project object */ = {
			isa = PBXProject;
			attributes = {
				LastUpgradeCheck = 0610;
				ORGANIZATIONNAME = wusj;
				TargetAttributes = {
					09E7B8F71AA98892006E7442 = {
						CreatedOnToolsVersion = 6.1.1;
					};
					09E7B90C1AA98892006E7442 = {
						CreatedOnToolsVersion = 6.1.1;
						TestTargetID = 09E7B8F71AA98892006E7442;
					};
				};
			};
			buildConfigurationList = 09E7B8F31AA98891006E7442 /* Build configuration list for PBXProject "Skating" */;
			compatibilityVersion = "Xcode 3.2";
			developmentRegion = English;
			hasScannedForEncodings = 0;
			knownRegions = (
				en,
				Base,
			);
			mainGroup = 09E7B8EF1AA98891006E7442;
			productRefGroup = 09E7B8F91AA98892006E7442 /* Products */;
			projectDirPath = "";
			projectRoot = "";
			targets = (
				09E7B8F71AA98892006E7442 /* Skating */,
				09E7B90C1AA98892006E7442 /* SkatingTests */,
			);
		};
/* End PBXProject section */

/* Begin PBXResourcesBuildPhase section */
		09E7B8F61AA98892006E7442 /* Resources */ = {
			isa = PBXResourcesBuildPhase;
			buildActionMask = 2147483647;
			files = (
				09E7B9031AA98892006E7442 /* Main.storyboard in Resources */,
				09E7B9081AA98892006E7442 /* LaunchScreen.xib in Resources */,
				09E7B9051AA98892006E7442 /* Images.xcassets in Resources */,
				09E7B92D1AA997E3006E7442 /* PostListCell.xib in Resources */,
			);
			runOnlyForDeploymentPostprocessing = 0;
		};
		09E7B90B1AA98892006E7442 /* Resources */ = {
			isa = PBXResourcesBuildPhase;
			buildActionMask = 2147483647;
			files = (
			);
			runOnlyForDeploymentPostprocessing = 0;
		};
/* End PBXResourcesBuildPhase section */

/* Begin PBXShellScriptBuildPhase section */
		41CF0622A2D0F20443B7748F /* Copy Pods Resources */ = {
			isa = PBXShellScriptBuildPhase;
			buildActionMask = 2147483647;
			files = (
			);
			inputPaths = (
			);
			name = "Copy Pods Resources";
			outputPaths = (
			);
			runOnlyForDeploymentPostprocessing = 0;
			shellPath = /bin/sh;
			shellScript = "\"${SRCROOT}/Pods/Target Support Files/Pods/Pods-resources.sh\"\n";
			showEnvVarsInLog = 0;
		};
		EF3C7184EF17831300592543 /* Check Pods Manifest.lock */ = {
			isa = PBXShellScriptBuildPhase;
			buildActionMask = 2147483647;
			files = (
			);
			inputPaths = (
			);
			name = "Check Pods Manifest.lock";
			outputPaths = (
			);
			runOnlyForDeploymentPostprocessing = 0;
			shellPath = /bin/sh;
			shellScript = "diff \"${PODS_ROOT}/../Podfile.lock\" \"${PODS_ROOT}/Manifest.lock\" > /dev/null\nif [[ $? != 0 ]] ; then\n    cat << EOM\nerror: The sandbox is not in sync with the Podfile.lock. Run 'pod install' or update your CocoaPods installation.\nEOM\n    exit 1\nfi\n";
			showEnvVarsInLog = 0;
		};
/* End PBXShellScriptBuildPhase section */

/* Begin PBXSourcesBuildPhase section */
		09E7B8F41AA98892006E7442 /* Sources */ = {
			isa = PBXSourcesBuildPhase;
			buildActionMask = 2147483647;
			files = (
				09E7B9221AA99197006E7442 /* BaseViewController.swift in Sources */,
				09E7B9271AA995C8006E7442 /* PostListViewController.swift in Sources */,
				09E7B9201AA99143006E7442 /* MenuViewController.swift in Sources */,
				09E7B9301AA9A542006E7442 /* PostModel.swift in Sources */,
				09E7B92C1AA997E3006E7442 /* PostListCell.swift in Sources */,
				09E7B8FE1AA98892006E7442 /* AppDelegate.swift in Sources */,
				09E7B9241AA991B2006E7442 /* CircleListViewController.swift in Sources */,
			);
			runOnlyForDeploymentPostprocessing = 0;
		};
		09E7B9091AA98892006E7442 /* Sources */ = {
			isa = PBXSourcesBuildPhase;
			buildActionMask = 2147483647;
			files = (
				09E7B9141AA98892006E7442 /* SkatingTests.swift in Sources */,
			);
			runOnlyForDeploymentPostprocessing = 0;
		};
/* End PBXSourcesBuildPhase section */

/* Begin PBXTargetDependency section */
		09E7B90F1AA98892006E7442 /* PBXTargetDependency */ = {
			isa = PBXTargetDependency;
			target = 09E7B8F71AA98892006E7442 /* Skating */;
			targetProxy = 09E7B90E1AA98892006E7442 /* PBXContainerItemProxy */;
		};
/* End PBXTargetDependency section */

/* Begin PBXVariantGroup section */
		09E7B9011AA98892006E7442 /* Main.storyboard */ = {
			isa = PBXVariantGroup;
			children = (
				09E7B9021AA98892006E7442 /* Base */,
			);
			name = Main.storyboard;
			sourceTree = "<group>";
		};
		09E7B9061AA98892006E7442 /* LaunchScreen.xib */ = {
			isa = PBXVariantGroup;
			children = (
				09E7B9071AA98892006E7442 /* Base */,
			);
			name = LaunchScreen.xib;
			sourceTree = "<group>";
		};
/* End PBXVariantGroup section */

/* Begin XCBuildConfiguration section */
		09E7B9151AA98892006E7442 /* Debug */ = {
			isa = XCBuildConfiguration;
			buildSettings = {
				ALWAYS_SEARCH_USER_PATHS = NO;
				CLANG_CXX_LANGUAGE_STANDARD = "gnu++0x";
				CLANG_CXX_LIBRARY = "libc++";
				CLANG_ENABLE_MODULES = YES;
				CLANG_ENABLE_OBJC_ARC = YES;
				CLANG_WARN_BOOL_CONVERSION = YES;
				CLANG_WARN_CONSTANT_CONVERSION = YES;
				CLANG_WARN_DIRECT_OBJC_ISA_USAGE = YES_ERROR;
				CLANG_WARN_EMPTY_BODY = YES;
				CLANG_WARN_ENUM_CONVERSION = YES;
				CLANG_WARN_INT_CONVERSION = YES;
				CLANG_WARN_OBJC_ROOT_CLASS = YES_ERROR;
				CLANG_WARN_UNREACHABLE_CODE = YES;
				CLANG_WARN__DUPLICATE_METHOD_MATCH = YES;
				"CODE_SIGN_IDENTITY[sdk=iphoneos*]" = "iPhone Developer";
				COPY_PHASE_STRIP = NO;
				ENABLE_STRICT_OBJC_MSGSEND = YES;
				GCC_C_LANGUAGE_STANDARD = gnu99;
				GCC_DYNAMIC_NO_PIC = NO;
				GCC_OPTIMIZATION_LEVEL = 0;
				GCC_PREPROCESSOR_DEFINITIONS = (
					"DEBUG=1",
					"$(inherited)",
				);
				GCC_SYMBOLS_PRIVATE_EXTERN = NO;
				GCC_WARN_64_TO_32_BIT_CONVERSION = YES;
				GCC_WARN_ABOUT_RETURN_TYPE = YES_ERROR;
				GCC_WARN_UNDECLARED_SELECTOR = YES;
				GCC_WARN_UNINITIALIZED_AUTOS = YES_AGGRESSIVE;
				GCC_WARN_UNUSED_FUNCTION = YES;
				GCC_WARN_UNUSED_VARIABLE = YES;
				IPHONEOS_DEPLOYMENT_TARGET = 7.0;
				MTL_ENABLE_DEBUG_INFO = YES;
				ONLY_ACTIVE_ARCH = YES;
				SDKROOT = iphoneos;
				SWIFT_OPTIMIZATION_LEVEL = "-Onone";
			};
			name = Debug;
		};
		09E7B9161AA98892006E7442 /* Release */ = {
			isa = XCBuildConfiguration;
			buildSettings = {
				ALWAYS_SEARCH_USER_PATHS = NO;
				CLANG_CXX_LANGUAGE_STANDARD = "gnu++0x";
				CLANG_CXX_LIBRARY = "libc++";
				CLANG_ENABLE_MODULES = YES;
				CLANG_ENABLE_OBJC_ARC = YES;
				CLANG_WARN_BOOL_CONVERSION = YES;
				CLANG_WARN_CONSTANT_CONVERSION = YES;
				CLANG_WARN_DIRECT_OBJC_ISA_USAGE = YES_ERROR;
				CLANG_WARN_EMPTY_BODY = YES;
				CLANG_WARN_ENUM_CONVERSION = YES;
				CLANG_WARN_INT_CONVERSION = YES;
				CLANG_WARN_OBJC_ROOT_CLASS = YES_ERROR;
				CLANG_WARN_UNREACHABLE_CODE = YES;
				CLANG_WARN__DUPLICATE_METHOD_MATCH = YES;
				"CODE_SIGN_IDENTITY[sdk=iphoneos*]" = "iPhone Developer";
				COPY_PHASE_STRIP = YES;
				ENABLE_NS_ASSERTIONS = NO;
				ENABLE_STRICT_OBJC_MSGSEND = YES;
				GCC_C_LANGUAGE_STANDARD = gnu99;
				GCC_WARN_64_TO_32_BIT_CONVERSION = YES;
				GCC_WARN_ABOUT_RETURN_TYPE = YES_ERROR;
				GCC_WARN_UNDECLARED_SELECTOR = YES;
				GCC_WARN_UNINITIALIZED_AUTOS = YES_AGGRESSIVE;
				GCC_WARN_UNUSED_FUNCTION = YES;
				GCC_WARN_UNUSED_VARIABLE = YES;
				IPHONEOS_DEPLOYMENT_TARGET = 7.0;
				MTL_ENABLE_DEBUG_INFO = NO;
				SDKROOT = iphoneos;
				VALIDATE_PRODUCT = YES;
			};
			name = Release;
		};
		09E7B9181AA98892006E7442 /* Debug */ = {
			isa = XCBuildConfiguration;
			baseConfigurationReference = 0D10E7A9D3F64358392E269B /* Pods.debug.xcconfig */;
			buildSettings = {
				ASSETCATALOG_COMPILER_APPICON_NAME = AppIcon;
				INFOPLIST_FILE = Skating/Info.plist;
				LD_RUNPATH_SEARCH_PATHS = "$(inherited) @executable_path/Frameworks";
				PRODUCT_NAME = "$(TARGET_NAME)";
				SWIFT_OBJC_BRIDGING_HEADER = Skating/bridge.h;
			};
			name = Debug;
		};
		09E7B9191AA98892006E7442 /* Release */ = {
			isa = XCBuildConfiguration;
			baseConfigurationReference = 04573E389BDEBF93DB35F4C9 /* Pods.release.xcconfig */;
			buildSettings = {
				ASSETCATALOG_COMPILER_APPICON_NAME = AppIcon;
				INFOPLIST_FILE = Skating/Info.plist;
				LD_RUNPATH_SEARCH_PATHS = "$(inherited) @executable_path/Frameworks";
				PRODUCT_NAME = "$(TARGET_NAME)";
				SWIFT_OBJC_BRIDGING_HEADER = Skating/bridge.h;
			};
			name = Release;
		};
		09E7B91B1AA98892006E7442 /* Debug */ = {
			isa = XCBuildConfiguration;
			buildSettings = {
				BUNDLE_LOADER = "$(TEST_HOST)";
				FRAMEWORK_SEARCH_PATHS = (
					"$(SDKROOT)/Developer/Library/Frameworks",
					"$(inherited)",
				);
				GCC_PREPROCESSOR_DEFINITIONS = (
					"DEBUG=1",
					"$(inherited)",
				);
				INFOPLIST_FILE = SkatingTests/Info.plist;
				LD_RUNPATH_SEARCH_PATHS = "$(inherited) @executable_path/Frameworks @loader_path/Frameworks";
				PRODUCT_NAME = "$(TARGET_NAME)";
				TEST_HOST = "$(BUILT_PRODUCTS_DIR)/Skating.app/Skating";
			};
			name = Debug;
		};
		09E7B91C1AA98892006E7442 /* Release */ = {
			isa = XCBuildConfiguration;
			buildSettings = {
				BUNDLE_LOADER = "$(TEST_HOST)";
				FRAMEWORK_SEARCH_PATHS = (
					"$(SDKROOT)/Developer/Library/Frameworks",
					"$(inherited)",
				);
				INFOPLIST_FILE = SkatingTests/Info.plist;
				LD_RUNPATH_SEARCH_PATHS = "$(inherited) @executable_path/Frameworks @loader_path/Frameworks";
				PRODUCT_NAME = "$(TARGET_NAME)";
				TEST_HOST = "$(BUILT_PRODUCTS_DIR)/Skating.app/Skating";
			};
			name = Release;
		};
/* End XCBuildConfiguration section */

/* Begin XCConfigurationList section */
		09E7B8F31AA98891006E7442 /* Build configuration list for PBXProject "Skating" */ = {
			isa = XCConfigurationList;
			buildConfigurations = (
				09E7B9151AA98892006E7442 /* Debug */,
				09E7B9161AA98892006E7442 /* Release */,
			);
			defaultConfigurationIsVisible = 0;
			defaultConfigurationName = Release;
		};
		09E7B9171AA98892006E7442 /* Build configuration list for PBXNativeTarget "Skating" */ = {
			isa = XCConfigurationList;
			buildConfigurations = (
				09E7B9181AA98892006E7442 /* Debug */,
				09E7B9191AA98892006E7442 /* Release */,
			);
			defaultConfigurationIsVisible = 0;
			defaultConfigurationName = Release;
		};
		09E7B91A1AA98892006E7442 /* Build configuration list for PBXNativeTarget "SkatingTests" */ = {
			isa = XCConfigurationList;
			buildConfigurations = (
				09E7B91B1AA98892006E7442 /* Debug */,
				09E7B91C1AA98892006E7442 /* Release */,
			);
			defaultConfigurationIsVisible = 0;
			defaultConfigurationName = Release;
		};
/* End XCConfigurationList section */
	};
	rootObject = 09E7B8F01AA98891006E7442 /* Project object */;
}
