// !$*UTF8*$!
{
	archiveVersion = 1;
	classes = {
	};
	objectVersion = 46;
	objects = {

/* Begin PBXBuildFile section */
		090021451AB7CD04000CFA53 /* BaseAPI.swift in Sources */ = {isa = PBXBuildFile; fileRef = 090021441AB7CD04000CFA53 /* BaseAPI.swift */; };
		0900214C1AB7CD5B000CFA53 /* HTTPRequestSerializer.swift in Sources */ = {isa = PBXBuildFile; fileRef = 090021471AB7CD5B000CFA53 /* HTTPRequestSerializer.swift */; };
		0900214D1AB7CD5B000CFA53 /* HTTPResponseSerializer.swift in Sources */ = {isa = PBXBuildFile; fileRef = 090021481AB7CD5B000CFA53 /* HTTPResponseSerializer.swift */; };
		0900214E1AB7CD5B000CFA53 /* HTTPTask.swift in Sources */ = {isa = PBXBuildFile; fileRef = 090021491AB7CD5B000CFA53 /* HTTPTask.swift */; };
		0900214F1AB7CD5B000CFA53 /* HTTPUpload.swift in Sources */ = {isa = PBXBuildFile; fileRef = 0900214A1AB7CD5B000CFA53 /* HTTPUpload.swift */; };
		090021521AB7CD8E000CFA53 /* NetConstant.swift in Sources */ = {isa = PBXBuildFile; fileRef = 090021511AB7CD8E000CFA53 /* NetConstant.swift */; };
		090021551AB7D0A8000CFA53 /* PostAPI.swift in Sources */ = {isa = PBXBuildFile; fileRef = 090021541AB7D0A8000CFA53 /* PostAPI.swift */; };
		090021571AB7ECEE000CFA53 /* CircleAPI.swift in Sources */ = {isa = PBXBuildFile; fileRef = 090021561AB7ECEE000CFA53 /* CircleAPI.swift */; };
		090021591AB7EDD5000CFA53 /* PostDetailViewController.swift in Sources */ = {isa = PBXBuildFile; fileRef = 090021581AB7EDD5000CFA53 /* PostDetailViewController.swift */; };
		090021D91AB805D8000CFA53 /* CommentCell.swift in Sources */ = {isa = PBXBuildFile; fileRef = 090021D71AB805D8000CFA53 /* CommentCell.swift */; };
		090021DA1AB805D8000CFA53 /* CommentCell.xib in Resources */ = {isa = PBXBuildFile; fileRef = 090021D81AB805D8000CFA53 /* CommentCell.xib */; };
		091CE90B1AB91FF7002C99DE /* PostList.swift in Sources */ = {isa = PBXBuildFile; fileRef = 091CE90A1AB91FF7002C99DE /* PostList.swift */; };
		091CE90E1AB92C04002C99DE /* WodeViewController.swift in Sources */ = {isa = PBXBuildFile; fileRef = 091CE90D1AB92C04002C99DE /* WodeViewController.swift */; };
		091CE9101AB94FD0002C99DE /* AddCommentViewController.swift in Sources */ = {isa = PBXBuildFile; fileRef = 091CE90F1AB94FD0002C99DE /* AddCommentViewController.swift */; };
		091CE9121AB95D64002C99DE /* TMAlertView.swift in Sources */ = {isa = PBXBuildFile; fileRef = 091CE9111AB95D64002C99DE /* TMAlertView.swift */; };
		091CE9141AB95D86002C99DE /* common_success.png in Resources */ = {isa = PBXBuildFile; fileRef = 091CE9131AB95D86002C99DE /* common_success.png */; };
		091CE9161AB95DA3002C99DE /* common_error.png in Resources */ = {isa = PBXBuildFile; fileRef = 091CE9151AB95DA3002C99DE /* common_error.png */; };
		091CE9181AB95F72002C99DE /* loading_1.png in Resources */ = {isa = PBXBuildFile; fileRef = 091CE9171AB95F72002C99DE /* loading_1.png */; };
		091CE91A1AB95F8A002C99DE /* loading_2.png in Resources */ = {isa = PBXBuildFile; fileRef = 091CE9191AB95F8A002C99DE /* loading_2.png */; };
		091CE91C1AB95F9D002C99DE /* loading_3.png in Resources */ = {isa = PBXBuildFile; fileRef = 091CE91B1AB95F9D002C99DE /* loading_3.png */; };
		091CE91E1AB95FAB002C99DE /* loading_4.png in Resources */ = {isa = PBXBuildFile; fileRef = 091CE91D1AB95FAB002C99DE /* loading_4.png */; };
		091CE9201AB95FC0002C99DE /* loading_5.png in Resources */ = {isa = PBXBuildFile; fileRef = 091CE91F1AB95FC0002C99DE /* loading_5.png */; };
		091CE9221AB95FCE002C99DE /* loading_6.png in Resources */ = {isa = PBXBuildFile; fileRef = 091CE9211AB95FCE002C99DE /* loading_6.png */; };
		091CE9241AB95FDE002C99DE /* loading_7.png in Resources */ = {isa = PBXBuildFile; fileRef = 091CE9231AB95FDE002C99DE /* loading_7.png */; };
		091CE9261AB95FEA002C99DE /* loading_8.png in Resources */ = {isa = PBXBuildFile; fileRef = 091CE9251AB95FEA002C99DE /* loading_8.png */; };
		091CE9281AB96072002C99DE /* common_alert_bg.png in Resources */ = {isa = PBXBuildFile; fileRef = 091CE9271AB96072002C99DE /* common_alert_bg.png */; };
		09543B691AB9187200AAE37B /* BaseTableViewController.swift in Sources */ = {isa = PBXBuildFile; fileRef = 09543B681AB9187200AAE37B /* BaseTableViewController.swift */; };
		09543B6B1AB91AE300AAE37B /* PublicFunc.swift in Sources */ = {isa = PBXBuildFile; fileRef = 09543B6A1AB91AE300AAE37B /* PublicFunc.swift */; };
		095716181AB6C6B40061F2C8 /* SideMenuViewController.swift in Sources */ = {isa = PBXBuildFile; fileRef = 095716171AB6C6B40061F2C8 /* SideMenuViewController.swift */; };
		0957161A1AB6CAB00061F2C8 /* CircleModel.swift in Sources */ = {isa = PBXBuildFile; fileRef = 095716191AB6CAB00061F2C8 /* CircleModel.swift */; };
		0957161D1AB6CC360061F2C8 /* DataList.swift in Sources */ = {isa = PBXBuildFile; fileRef = 0957161C1AB6CC360061F2C8 /* DataList.swift */; };
		0957161F1AB6CE290061F2C8 /* BaseModel.swift in Sources */ = {isa = PBXBuildFile; fileRef = 0957161E1AB6CE290061F2C8 /* BaseModel.swift */; };
		095716221AB6D7880061F2C8 /* CircleListCell.swift in Sources */ = {isa = PBXBuildFile; fileRef = 095716201AB6D7880061F2C8 /* CircleListCell.swift */; };
		095716231AB6D7880061F2C8 /* CircleListCell.xib in Resources */ = {isa = PBXBuildFile; fileRef = 095716211AB6D7880061F2C8 /* CircleListCell.xib */; };
		095E4B3A1AB80C7B00BF64BE /* PostDetailCell.swift in Sources */ = {isa = PBXBuildFile; fileRef = 095E4B381AB80C7B00BF64BE /* PostDetailCell.swift */; };
		095E4B3B1AB80C7B00BF64BE /* PostDetailCell.xib in Resources */ = {isa = PBXBuildFile; fileRef = 095E4B391AB80C7B00BF64BE /* PostDetailCell.xib */; };
		095E4B3F1AB80DFB00BF64BE /* AutoHeiImageView.swift in Sources */ = {isa = PBXBuildFile; fileRef = 095E4B3D1AB80DFB00BF64BE /* AutoHeiImageView.swift */; };
		095E4B401AB80DFB00BF64BE /* AutoHeiLabel.swift in Sources */ = {isa = PBXBuildFile; fileRef = 095E4B3E1AB80DFB00BF64BE /* AutoHeiLabel.swift */; };
		09E7B8FE1AA98892006E7442 /* AppDelegate.swift in Sources */ = {isa = PBXBuildFile; fileRef = 09E7B8FD1AA98892006E7442 /* AppDelegate.swift */; };
		09E7B9031AA98892006E7442 /* Main.storyboard in Resources */ = {isa = PBXBuildFile; fileRef = 09E7B9011AA98892006E7442 /* Main.storyboard */; };
		09E7B9051AA98892006E7442 /* Images.xcassets in Resources */ = {isa = PBXBuildFile; fileRef = 09E7B9041AA98892006E7442 /* Images.xcassets */; };
		09E7B9081AA98892006E7442 /* LaunchScreen.xib in Resources */ = {isa = PBXBuildFile; fileRef = 09E7B9061AA98892006E7442 /* LaunchScreen.xib */; };
		09E7B9141AA98892006E7442 /* SkatingTests.swift in Sources */ = {isa = PBXBuildFile; fileRef = 09E7B9131AA98892006E7442 /* SkatingTests.swift */; };
		09E7B9201AA99143006E7442 /* MenuViewController.swift in Sources */ = {isa = PBXBuildFile; fileRef = 09E7B91F1AA99143006E7442 /* MenuViewController.swift */; };
		09E7B9241AA991B2006E7442 /* CircleListViewController.swift in Sources */ = {isa = PBXBuildFile; fileRef = 09E7B9231AA991B2006E7442 /* CircleListViewController.swift */; };
		09E7B9271AA995C8006E7442 /* PostListViewController.swift in Sources */ = {isa = PBXBuildFile; fileRef = 09E7B9261AA995C8006E7442 /* PostListViewController.swift */; };
		09E7B92C1AA997E3006E7442 /* PostListCell.swift in Sources */ = {isa = PBXBuildFile; fileRef = 09E7B92A1AA997E3006E7442 /* PostListCell.swift */; };
		09E7B92D1AA997E3006E7442 /* PostListCell.xib in Resources */ = {isa = PBXBuildFile; fileRef = 09E7B92B1AA997E3006E7442 /* PostListCell.xib */; };
		09E7B9301AA9A542006E7442 /* PostModel.swift in Sources */ = {isa = PBXBuildFile; fileRef = 09E7B92F1AA9A542006E7442 /* PostModel.swift */; };
		09FC1A121AB914610076B727 /* Constant.swift in Sources */ = {isa = PBXBuildFile; fileRef = 09FC1A111AB914610076B727 /* Constant.swift */; };
		09FC1A141AB914980076B727 /* CommonExtensionCollection.swift in Sources */ = {isa = PBXBuildFile; fileRef = 09FC1A131AB914980076B727 /* CommonExtensionCollection.swift */; };
		09FC1A191AB916580076B727 /* LoadMoreView.swift in Sources */ = {isa = PBXBuildFile; fileRef = 09FC1A181AB916580076B727 /* LoadMoreView.swift */; };
		09FC1A1B1AB916610076B727 /* SwiftyJSON.swift in Sources */ = {isa = PBXBuildFile; fileRef = 09FC1A1A1AB916610076B727 /* SwiftyJSON.swift */; };
		09FC1A1F1AB9166E0076B727 /* TMImageLoader.swift in Sources */ = {isa = PBXBuildFile; fileRef = 09FC1A1E1AB9166E0076B727 /* TMImageLoader.swift */; };
		09FC1A251AB9167B0076B727 /* pulltorefresharrow.png in Resources */ = {isa = PBXBuildFile; fileRef = 09FC1A211AB9167B0076B727 /* pulltorefresharrow.png */; };
		09FC1A261AB9167B0076B727 /* PullToRefreshConst.swift in Sources */ = {isa = PBXBuildFile; fileRef = 09FC1A221AB9167B0076B727 /* PullToRefreshConst.swift */; };
		09FC1A271AB9167B0076B727 /* PullToRefreshView.swift in Sources */ = {isa = PBXBuildFile; fileRef = 09FC1A231AB9167B0076B727 /* PullToRefreshView.swift */; };
		09FC1A281AB9167B0076B727 /* UIScrollViewExtension.swift in Sources */ = {isa = PBXBuildFile; fileRef = 09FC1A241AB9167B0076B727 /* UIScrollViewExtension.swift */; };
		09FC1A2C1AB916880076B727 /* GCPlaceholderTextView.m in Sources */ = {isa = PBXBuildFile; fileRef = 09FC1A2B1AB916880076B727 /* GCPlaceholderTextView.m */; };
		09FC1A301AB9168D0076B727 /* Cache.swift in Sources */ = {isa = PBXBuildFile; fileRef = 09FC1A2E1AB9168D0076B727 /* Cache.swift */; };
		09FC1A311AB9168D0076B727 /* CacheObject.swift in Sources */ = {isa = PBXBuildFile; fileRef = 09FC1A2F1AB9168D0076B727 /* CacheObject.swift */; };
		09FC1A341AB916960076B727 /* Reachability.m in Sources */ = {isa = PBXBuildFile; fileRef = 09FC1A331AB916960076B727 /* Reachability.m */; };
		09FC1A371AB916E00076B727 /* BaseViewController.swift in Sources */ = {isa = PBXBuildFile; fileRef = 09FC1A361AB916E00076B727 /* BaseViewController.swift */; };
		09FC1A3A1AB917350076B727 /* SKBaseViewController.swift in Sources */ = {isa = PBXBuildFile; fileRef = 09FC1A391AB917350076B727 /* SKBaseViewController.swift */; };
		611FFC3C1AB84E62008F8B5B /* CommentModel.swift in Sources */ = {isa = PBXBuildFile; fileRef = 611FFC3B1AB84E62008F8B5B /* CommentModel.swift */; };
		611FFC3E1AB8505E008F8B5B /* CommentAPI.swift in Sources */ = {isa = PBXBuildFile; fileRef = 611FFC3D1AB8505E008F8B5B /* CommentAPI.swift */; };
		611FFC401AB85397008F8B5B /* UserModel.swift in Sources */ = {isa = PBXBuildFile; fileRef = 611FFC3F1AB85397008F8B5B /* UserModel.swift */; };
		E17CAB697AD45FEB9A421F75 /* libPods.a in Frameworks */ = {isa = PBXBuildFile; fileRef = 0FCE9D7A4E86D3DF82929A78 /* libPods.a */; };
/* End PBXBuildFile section */

/* Begin PBXContainerItemProxy section */
		09E7B90E1AA98892006E7442 /* PBXContainerItemProxy */ = {
			isa = PBXContainerItemProxy;
			containerPortal = 09E7B8F01AA98891006E7442 /* Project object */;
			proxyType = 1;
			remoteGlobalIDString = 09E7B8F71AA98892006E7442;
			remoteInfo = Skating;
		};
/* End PBXContainerItemProxy section */

/* Begin PBXFileReference section */
		04573E389BDEBF93DB35F4C9 /* Pods.release.xcconfig */ = {isa = PBXFileReference; includeInIndex = 1; lastKnownFileType = text.xcconfig; name = Pods.release.xcconfig; path = "Pods/Target Support Files/Pods/Pods.release.xcconfig"; sourceTree = "<group>"; };
		090021441AB7CD04000CFA53 /* BaseAPI.swift */ = {isa = PBXFileReference; fileEncoding = 4; lastKnownFileType = sourcecode.swift; path = BaseAPI.swift; sourceTree = "<group>"; };
		090021471AB7CD5B000CFA53 /* HTTPRequestSerializer.swift */ = {isa = PBXFileReference; fileEncoding = 4; lastKnownFileType = sourcecode.swift; path = HTTPRequestSerializer.swift; sourceTree = "<group>"; };
		090021481AB7CD5B000CFA53 /* HTTPResponseSerializer.swift */ = {isa = PBXFileReference; fileEncoding = 4; lastKnownFileType = sourcecode.swift; path = HTTPResponseSerializer.swift; sourceTree = "<group>"; };
		090021491AB7CD5B000CFA53 /* HTTPTask.swift */ = {isa = PBXFileReference; fileEncoding = 4; lastKnownFileType = sourcecode.swift; path = HTTPTask.swift; sourceTree = "<group>"; };
		0900214A1AB7CD5B000CFA53 /* HTTPUpload.swift */ = {isa = PBXFileReference; fileEncoding = 4; lastKnownFileType = sourcecode.swift; path = HTTPUpload.swift; sourceTree = "<group>"; };
		0900214B1AB7CD5B000CFA53 /* SwiftHTTP.h */ = {isa = PBXFileReference; fileEncoding = 4; lastKnownFileType = sourcecode.c.h; path = SwiftHTTP.h; sourceTree = "<group>"; };
		090021511AB7CD8E000CFA53 /* NetConstant.swift */ = {isa = PBXFileReference; fileEncoding = 4; lastKnownFileType = sourcecode.swift; path = NetConstant.swift; sourceTree = "<group>"; };
		090021541AB7D0A8000CFA53 /* PostAPI.swift */ = {isa = PBXFileReference; fileEncoding = 4; lastKnownFileType = sourcecode.swift; path = PostAPI.swift; sourceTree = "<group>"; };
		090021561AB7ECEE000CFA53 /* CircleAPI.swift */ = {isa = PBXFileReference; fileEncoding = 4; lastKnownFileType = sourcecode.swift; path = CircleAPI.swift; sourceTree = "<group>"; };
		090021581AB7EDD5000CFA53 /* PostDetailViewController.swift */ = {isa = PBXFileReference; fileEncoding = 4; lastKnownFileType = sourcecode.swift; path = PostDetailViewController.swift; sourceTree = "<group>"; };
		090021D71AB805D8000CFA53 /* CommentCell.swift */ = {isa = PBXFileReference; fileEncoding = 4; lastKnownFileType = sourcecode.swift; path = CommentCell.swift; sourceTree = "<group>"; };
		090021D81AB805D8000CFA53 /* CommentCell.xib */ = {isa = PBXFileReference; fileEncoding = 4; lastKnownFileType = file.xib; path = CommentCell.xib; sourceTree = "<group>"; };
		091CE90A1AB91FF7002C99DE /* PostList.swift */ = {isa = PBXFileReference; fileEncoding = 4; lastKnownFileType = sourcecode.swift; path = PostList.swift; sourceTree = "<group>"; };
		091CE90D1AB92C04002C99DE /* WodeViewController.swift */ = {isa = PBXFileReference; fileEncoding = 4; lastKnownFileType = sourcecode.swift; path = WodeViewController.swift; sourceTree = "<group>"; };
		091CE90F1AB94FD0002C99DE /* AddCommentViewController.swift */ = {isa = PBXFileReference; fileEncoding = 4; lastKnownFileType = sourcecode.swift; path = AddCommentViewController.swift; sourceTree = "<group>"; };
		091CE9111AB95D64002C99DE /* TMAlertView.swift */ = {isa = PBXFileReference; fileEncoding = 4; lastKnownFileType = sourcecode.swift; path = TMAlertView.swift; sourceTree = "<group>"; };
		091CE9131AB95D86002C99DE /* common_success.png */ = {isa = PBXFileReference; lastKnownFileType = image.png; path = common_success.png; sourceTree = "<group>"; };
		091CE9151AB95DA3002C99DE /* common_error.png */ = {isa = PBXFileReference; lastKnownFileType = image.png; path = common_error.png; sourceTree = "<group>"; };
		091CE9171AB95F72002C99DE /* loading_1.png */ = {isa = PBXFileReference; lastKnownFileType = image.png; path = loading_1.png; sourceTree = "<group>"; };
		091CE9191AB95F8A002C99DE /* loading_2.png */ = {isa = PBXFileReference; lastKnownFileType = image.png; path = loading_2.png; sourceTree = "<group>"; };
		091CE91B1AB95F9D002C99DE /* loading_3.png */ = {isa = PBXFileReference; lastKnownFileType = image.png; path = loading_3.png; sourceTree = "<group>"; };
		091CE91D1AB95FAB002C99DE /* loading_4.png */ = {isa = PBXFileReference; lastKnownFileType = image.png; path = loading_4.png; sourceTree = "<group>"; };
		091CE91F1AB95FC0002C99DE /* loading_5.png */ = {isa = PBXFileReference; lastKnownFileType = image.png; path = loading_5.png; sourceTree = "<group>"; };
		091CE9211AB95FCE002C99DE /* loading_6.png */ = {isa = PBXFileReference; lastKnownFileType = image.png; path = loading_6.png; sourceTree = "<group>"; };
		091CE9231AB95FDE002C99DE /* loading_7.png */ = {isa = PBXFileReference; lastKnownFileType = image.png; path = loading_7.png; sourceTree = "<group>"; };
		091CE9251AB95FEA002C99DE /* loading_8.png */ = {isa = PBXFileReference; lastKnownFileType = image.png; path = loading_8.png; sourceTree = "<group>"; };
		091CE9271AB96072002C99DE /* common_alert_bg.png */ = {isa = PBXFileReference; lastKnownFileType = image.png; path = common_alert_bg.png; sourceTree = "<group>"; };
		09543B681AB9187200AAE37B /* BaseTableViewController.swift */ = {isa = PBXFileReference; fileEncoding = 4; lastKnownFileType = sourcecode.swift; path = BaseTableViewController.swift; sourceTree = "<group>"; };
		09543B6A1AB91AE300AAE37B /* PublicFunc.swift */ = {isa = PBXFileReference; fileEncoding = 4; lastKnownFileType = sourcecode.swift; path = PublicFunc.swift; sourceTree = "<group>"; };
		095716171AB6C6B40061F2C8 /* SideMenuViewController.swift */ = {isa = PBXFileReference; fileEncoding = 4; lastKnownFileType = sourcecode.swift; path = SideMenuViewController.swift; sourceTree = "<group>"; };
		095716191AB6CAB00061F2C8 /* CircleModel.swift */ = {isa = PBXFileReference; fileEncoding = 4; lastKnownFileType = sourcecode.swift; path = CircleModel.swift; sourceTree = "<group>"; };
		0957161C1AB6CC360061F2C8 /* DataList.swift */ = {isa = PBXFileReference; fileEncoding = 4; lastKnownFileType = sourcecode.swift; path = DataList.swift; sourceTree = "<group>"; };
		0957161E1AB6CE290061F2C8 /* BaseModel.swift */ = {isa = PBXFileReference; fileEncoding = 4; lastKnownFileType = sourcecode.swift; path = BaseModel.swift; sourceTree = "<group>"; };
		095716201AB6D7880061F2C8 /* CircleListCell.swift */ = {isa = PBXFileReference; fileEncoding = 4; lastKnownFileType = sourcecode.swift; path = CircleListCell.swift; sourceTree = "<group>"; };
		095716211AB6D7880061F2C8 /* CircleListCell.xib */ = {isa = PBXFileReference; fileEncoding = 4; lastKnownFileType = file.xib; path = CircleListCell.xib; sourceTree = "<group>"; };
		095E4B381AB80C7B00BF64BE /* PostDetailCell.swift */ = {isa = PBXFileReference; fileEncoding = 4; lastKnownFileType = sourcecode.swift; path = PostDetailCell.swift; sourceTree = "<group>"; };
		095E4B391AB80C7B00BF64BE /* PostDetailCell.xib */ = {isa = PBXFileReference; fileEncoding = 4; lastKnownFileType = file.xib; path = PostDetailCell.xib; sourceTree = "<group>"; };
		095E4B3D1AB80DFB00BF64BE /* AutoHeiImageView.swift */ = {isa = PBXFileReference; fileEncoding = 4; lastKnownFileType = sourcecode.swift; path = AutoHeiImageView.swift; sourceTree = "<group>"; };
		095E4B3E1AB80DFB00BF64BE /* AutoHeiLabel.swift */ = {isa = PBXFileReference; fileEncoding = 4; lastKnownFileType = sourcecode.swift; path = AutoHeiLabel.swift; sourceTree = "<group>"; };
		09E7B8F81AA98892006E7442 /* Skating.app */ = {isa = PBXFileReference; explicitFileType = wrapper.application; includeInIndex = 0; path = Skating.app; sourceTree = BUILT_PRODUCTS_DIR; };
		09E7B8FC1AA98892006E7442 /* Info.plist */ = {isa = PBXFileReference; lastKnownFileType = text.plist.xml; path = Info.plist; sourceTree = "<group>"; };
		09E7B8FD1AA98892006E7442 /* AppDelegate.swift */ = {isa = PBXFileReference; lastKnownFileType = sourcecode.swift; path = AppDelegate.swift; sourceTree = "<group>"; };
		09E7B9021AA98892006E7442 /* Base */ = {isa = PBXFileReference; lastKnownFileType = file.storyboard; name = Base; path = Base.lproj/Main.storyboard; sourceTree = "<group>"; };
		09E7B9041AA98892006E7442 /* Images.xcassets */ = {isa = PBXFileReference; lastKnownFileType = folder.assetcatalog; path = Images.xcassets; sourceTree = "<group>"; };
		09E7B9071AA98892006E7442 /* Base */ = {isa = PBXFileReference; lastKnownFileType = file.xib; name = Base; path = Base.lproj/LaunchScreen.xib; sourceTree = "<group>"; };
		09E7B90D1AA98892006E7442 /* SkatingTests.xctest */ = {isa = PBXFileReference; explicitFileType = wrapper.cfbundle; includeInIndex = 0; path = SkatingTests.xctest; sourceTree = BUILT_PRODUCTS_DIR; };
		09E7B9121AA98892006E7442 /* Info.plist */ = {isa = PBXFileReference; lastKnownFileType = text.plist.xml; path = Info.plist; sourceTree = "<group>"; };
		09E7B9131AA98892006E7442 /* SkatingTests.swift */ = {isa = PBXFileReference; lastKnownFileType = sourcecode.swift; path = SkatingTests.swift; sourceTree = "<group>"; };
		09E7B91F1AA99143006E7442 /* MenuViewController.swift */ = {isa = PBXFileReference; fileEncoding = 4; lastKnownFileType = sourcecode.swift; path = MenuViewController.swift; sourceTree = "<group>"; };
		09E7B9231AA991B2006E7442 /* CircleListViewController.swift */ = {isa = PBXFileReference; fileEncoding = 4; lastKnownFileType = sourcecode.swift; path = CircleListViewController.swift; sourceTree = "<group>"; };
		09E7B9251AA99245006E7442 /* bridge.h */ = {isa = PBXFileReference; lastKnownFileType = sourcecode.c.h; path = bridge.h; sourceTree = "<group>"; };
		09E7B9261AA995C8006E7442 /* PostListViewController.swift */ = {isa = PBXFileReference; fileEncoding = 4; lastKnownFileType = sourcecode.swift; path = PostListViewController.swift; sourceTree = "<group>"; };
		09E7B92A1AA997E3006E7442 /* PostListCell.swift */ = {isa = PBXFileReference; fileEncoding = 4; lastKnownFileType = sourcecode.swift; path = PostListCell.swift; sourceTree = "<group>"; };
		09E7B92B1AA997E3006E7442 /* PostListCell.xib */ = {isa = PBXFileReference; fileEncoding = 4; lastKnownFileType = file.xib; path = PostListCell.xib; sourceTree = "<group>"; };
		09E7B92F1AA9A542006E7442 /* PostModel.swift */ = {isa = PBXFileReference; fileEncoding = 4; lastKnownFileType = sourcecode.swift; path = PostModel.swift; sourceTree = "<group>"; };
		09FC1A111AB914610076B727 /* Constant.swift */ = {isa = PBXFileReference; fileEncoding = 4; lastKnownFileType = sourcecode.swift; path = Constant.swift; sourceTree = "<group>"; };
		09FC1A131AB914980076B727 /* CommonExtensionCollection.swift */ = {isa = PBXFileReference; fileEncoding = 4; lastKnownFileType = sourcecode.swift; path = CommonExtensionCollection.swift; sourceTree = "<group>"; };
		09FC1A181AB916580076B727 /* LoadMoreView.swift */ = {isa = PBXFileReference; fileEncoding = 4; lastKnownFileType = sourcecode.swift; path = LoadMoreView.swift; sourceTree = "<group>"; };
		09FC1A1A1AB916610076B727 /* SwiftyJSON.swift */ = {isa = PBXFileReference; fileEncoding = 4; lastKnownFileType = sourcecode.swift; path = SwiftyJSON.swift; sourceTree = "<group>"; };
		09FC1A1E1AB9166E0076B727 /* TMImageLoader.swift */ = {isa = PBXFileReference; fileEncoding = 4; lastKnownFileType = sourcecode.swift; path = TMImageLoader.swift; sourceTree = "<group>"; };
		09FC1A211AB9167B0076B727 /* pulltorefresharrow.png */ = {isa = PBXFileReference; lastKnownFileType = image.png; path = pulltorefresharrow.png; sourceTree = "<group>"; };
		09FC1A221AB9167B0076B727 /* PullToRefreshConst.swift */ = {isa = PBXFileReference; fileEncoding = 4; lastKnownFileType = sourcecode.swift; path = PullToRefreshConst.swift; sourceTree = "<group>"; };
		09FC1A231AB9167B0076B727 /* PullToRefreshView.swift */ = {isa = PBXFileReference; fileEncoding = 4; lastKnownFileType = sourcecode.swift; path = PullToRefreshView.swift; sourceTree = "<group>"; };
		09FC1A241AB9167B0076B727 /* UIScrollViewExtension.swift */ = {isa = PBXFileReference; fileEncoding = 4; lastKnownFileType = sourcecode.swift; path = UIScrollViewExtension.swift; sourceTree = "<group>"; };
		09FC1A2A1AB916880076B727 /* GCPlaceholderTextView.h */ = {isa = PBXFileReference; fileEncoding = 4; lastKnownFileType = sourcecode.c.h; path = GCPlaceholderTextView.h; sourceTree = "<group>"; };
		09FC1A2B1AB916880076B727 /* GCPlaceholderTextView.m */ = {isa = PBXFileReference; fileEncoding = 4; lastKnownFileType = sourcecode.c.objc; path = GCPlaceholderTextView.m; sourceTree = "<group>"; };
		09FC1A2E1AB9168D0076B727 /* Cache.swift */ = {isa = PBXFileReference; fileEncoding = 4; lastKnownFileType = sourcecode.swift; path = Cache.swift; sourceTree = "<group>"; };
		09FC1A2F1AB9168D0076B727 /* CacheObject.swift */ = {isa = PBXFileReference; fileEncoding = 4; lastKnownFileType = sourcecode.swift; path = CacheObject.swift; sourceTree = "<group>"; };
		09FC1A321AB916960076B727 /* Reachability.h */ = {isa = PBXFileReference; fileEncoding = 4; lastKnownFileType = sourcecode.c.h; path = Reachability.h; sourceTree = "<group>"; };
		09FC1A331AB916960076B727 /* Reachability.m */ = {isa = PBXFileReference; fileEncoding = 4; lastKnownFileType = sourcecode.c.objc; path = Reachability.m; sourceTree = "<group>"; };
		09FC1A361AB916E00076B727 /* BaseViewController.swift */ = {isa = PBXFileReference; fileEncoding = 4; lastKnownFileType = sourcecode.swift; path = BaseViewController.swift; sourceTree = "<group>"; };
		09FC1A391AB917350076B727 /* SKBaseViewController.swift */ = {isa = PBXFileReference; fileEncoding = 4; lastKnownFileType = sourcecode.swift; path = SKBaseViewController.swift; sourceTree = "<group>"; };
		0D10E7A9D3F64358392E269B /* Pods.debug.xcconfig */ = {isa = PBXFileReference; includeInIndex = 1; lastKnownFileType = text.xcconfig; name = Pods.debug.xcconfig; path = "Pods/Target Support Files/Pods/Pods.debug.xcconfig"; sourceTree = "<group>"; };
		0FCE9D7A4E86D3DF82929A78 /* libPods.a */ = {isa = PBXFileReference; explicitFileType = archive.ar; includeInIndex = 0; path = libPods.a; sourceTree = BUILT_PRODUCTS_DIR; };
		611FFC3B1AB84E62008F8B5B /* CommentModel.swift */ = {isa = PBXFileReference; fileEncoding = 4; lastKnownFileType = sourcecode.swift; path = CommentModel.swift; sourceTree = "<group>"; };
		611FFC3D1AB8505E008F8B5B /* CommentAPI.swift */ = {isa = PBXFileReference; fileEncoding = 4; lastKnownFileType = sourcecode.swift; path = CommentAPI.swift; sourceTree = "<group>"; };
		611FFC3F1AB85397008F8B5B /* UserModel.swift */ = {isa = PBXFileReference; fileEncoding = 4; lastKnownFileType = sourcecode.swift; path = UserModel.swift; sourceTree = "<group>"; };
/* End PBXFileReference section */

/* Begin PBXFrameworksBuildPhase section */
		09E7B8F51AA98892006E7442 /* Frameworks */ = {
			isa = PBXFrameworksBuildPhase;
			buildActionMask = 2147483647;
			files = (
				E17CAB697AD45FEB9A421F75 /* libPods.a in Frameworks */,
			);
			runOnlyForDeploymentPostprocessing = 0;
		};
		09E7B90A1AA98892006E7442 /* Frameworks */ = {
			isa = PBXFrameworksBuildPhase;
			buildActionMask = 2147483647;
			files = (
			);
			runOnlyForDeploymentPostprocessing = 0;
		};
/* End PBXFrameworksBuildPhase section */

/* Begin PBXGroup section */
		090021431AB7CCD5000CFA53 /* API */ = {
			isa = PBXGroup;
			children = (
				090021441AB7CD04000CFA53 /* BaseAPI.swift */,
			);
			path = API;
			sourceTree = "<group>";
		};
		090021461AB7CD5B000CFA53 /* SwiftHTTP */ = {
			isa = PBXGroup;
			children = (
				090021471AB7CD5B000CFA53 /* HTTPRequestSerializer.swift */,
				090021481AB7CD5B000CFA53 /* HTTPResponseSerializer.swift */,
				090021491AB7CD5B000CFA53 /* HTTPTask.swift */,
				0900214A1AB7CD5B000CFA53 /* HTTPUpload.swift */,
				0900214B1AB7CD5B000CFA53 /* SwiftHTTP.h */,
			);
			path = SwiftHTTP;
			sourceTree = "<group>";
		};
		090021501AB7CD79000CFA53 /* Common */ = {
			isa = PBXGroup;
			children = (
				09543B6A1AB91AE300AAE37B /* PublicFunc.swift */,
				090021511AB7CD8E000CFA53 /* NetConstant.swift */,
				09FC1A111AB914610076B727 /* Constant.swift */,
			);
			path = Common;
			sourceTree = "<group>";
		};
		090021531AB7D088000CFA53 /* API */ = {
			isa = PBXGroup;
			children = (
				090021541AB7D0A8000CFA53 /* PostAPI.swift */,
				090021561AB7ECEE000CFA53 /* CircleAPI.swift */,
				611FFC3D1AB8505E008F8B5B /* CommentAPI.swift */,
			);
			path = API;
			sourceTree = "<group>";
		};
		091CE9091AB91FEC002C99DE /* DataList */ = {
			isa = PBXGroup;
			children = (
				091CE90A1AB91FF7002C99DE /* PostList.swift */,
			);
			path = DataList;
			sourceTree = "<group>";
		};
		091CE90C1AB92BE5002C99DE /* Wode */ = {
			isa = PBXGroup;
			children = (
				091CE90D1AB92C04002C99DE /* WodeViewController.swift */,
			);
			path = Wode;
			sourceTree = "<group>";
		};
		095716131AB6C0C50061F2C8 /* Core */ = {
			isa = PBXGroup;
			children = (
				09FC1A351AB916CA0076B727 /* Controller */,
				090021501AB7CD79000CFA53 /* Common */,
				090021431AB7CCD5000CFA53 /* API */,
				0957161B1AB6CC080061F2C8 /* Model */,
				095716141AB6C0D90061F2C8 /* Libs */,
			);
			path = Core;
			sourceTree = "<group>";
		};
		095716141AB6C0D90061F2C8 /* Libs */ = {
			isa = PBXGroup;
			children = (
				09FC1A321AB916960076B727 /* Reachability.h */,
				09FC1A331AB916960076B727 /* Reachability.m */,
				09FC1A2D1AB9168D0076B727 /* AwesomeCache */,
				09FC1A291AB916880076B727 /* GCPlaceHolderTextView */,
				09FC1A201AB9167B0076B727 /* PullToRefresh */,
				09FC1A1E1AB9166E0076B727 /* TMImageLoader.swift */,
				09FC1A1A1AB916610076B727 /* SwiftyJSON.swift */,
				09FC1A181AB916580076B727 /* LoadMoreView.swift */,
				09FC1A131AB914980076B727 /* CommonExtensionCollection.swift */,
				095E4B3C1AB80DA600BF64BE /* Mine */,
				090021461AB7CD5B000CFA53 /* SwiftHTTP */,
				095716171AB6C6B40061F2C8 /* SideMenuViewController.swift */,
			);
			path = Libs;
			sourceTree = "<group>";
		};
		0957161B1AB6CC080061F2C8 /* Model */ = {
			isa = PBXGroup;
			children = (
				0957161C1AB6CC360061F2C8 /* DataList.swift */,
			);
			path = Model;
			sourceTree = "<group>";
		};
		095E4B3C1AB80DA600BF64BE /* Mine */ = {
			isa = PBXGroup;
			children = (
				091CE9271AB96072002C99DE /* common_alert_bg.png */,
				091CE9251AB95FEA002C99DE /* loading_8.png */,
				091CE9231AB95FDE002C99DE /* loading_7.png */,
				091CE9211AB95FCE002C99DE /* loading_6.png */,
				091CE91F1AB95FC0002C99DE /* loading_5.png */,
				091CE91D1AB95FAB002C99DE /* loading_4.png */,
				091CE91B1AB95F9D002C99DE /* loading_3.png */,
				091CE9191AB95F8A002C99DE /* loading_2.png */,
				091CE9171AB95F72002C99DE /* loading_1.png */,
				091CE9151AB95DA3002C99DE /* common_error.png */,
				091CE9131AB95D86002C99DE /* common_success.png */,
				091CE9111AB95D64002C99DE /* TMAlertView.swift */,
				095E4B3D1AB80DFB00BF64BE /* AutoHeiImageView.swift */,
				095E4B3E1AB80DFB00BF64BE /* AutoHeiLabel.swift */,
			);
			path = Mine;
			sourceTree = "<group>";
		};
		09E7B8EF1AA98891006E7442 = {
			isa = PBXGroup;
			children = (
				095716131AB6C0C50061F2C8 /* Core */,
				09E7B8FA1AA98892006E7442 /* Skating */,
				09E7B9101AA98892006E7442 /* SkatingTests */,
				09E7B8F91AA98892006E7442 /* Products */,
				2931938D7ACCA179199ACDCE /* Pods */,
				5C6D0B20069E4F9D0BA1F899 /* Frameworks */,
			);
			sourceTree = "<group>";
		};
		09E7B8F91AA98892006E7442 /* Products */ = {
			isa = PBXGroup;
			children = (
				09E7B8F81AA98892006E7442 /* Skating.app */,
				09E7B90D1AA98892006E7442 /* SkatingTests.xctest */,
			);
			name = Products;
			sourceTree = "<group>";
		};
		09E7B8FA1AA98892006E7442 /* Skating */ = {
			isa = PBXGroup;
			children = (
				091CE90C1AB92BE5002C99DE /* Wode */,
				09FC1A381AB917250076B727 /* Common */,
				090021531AB7D088000CFA53 /* API */,
				09E7B92E1AA9A50D006E7442 /* Model */,
				09E7B9281AA997A2006E7442 /* View */,
				09E7B91D1AA99131006E7442 /* Circle */,
				09E7B91E1AA99131006E7442 /* Main */,
				09E7B8FD1AA98892006E7442 /* AppDelegate.swift */,
				09E7B9011AA98892006E7442 /* Main.storyboard */,
				09E7B9041AA98892006E7442 /* Images.xcassets */,
				09E7B9061AA98892006E7442 /* LaunchScreen.xib */,
				09E7B8FB1AA98892006E7442 /* Supporting Files */,
				09E7B9251AA99245006E7442 /* bridge.h */,
			);
			path = Skating;
			sourceTree = "<group>";
		};
		09E7B8FB1AA98892006E7442 /* Supporting Files */ = {
			isa = PBXGroup;
			children = (
				09E7B8FC1AA98892006E7442 /* Info.plist */,
			);
			name = "Supporting Files";
			sourceTree = "<group>";
		};
		09E7B9101AA98892006E7442 /* SkatingTests */ = {
			isa = PBXGroup;
			children = (
				09E7B9131AA98892006E7442 /* SkatingTests.swift */,
				09E7B9111AA98892006E7442 /* Supporting Files */,
			);
			path = SkatingTests;
			sourceTree = "<group>";
		};
		09E7B9111AA98892006E7442 /* Supporting Files */ = {
			isa = PBXGroup;
			children = (
				09E7B9121AA98892006E7442 /* Info.plist */,
			);
			name = "Supporting Files";
			sourceTree = "<group>";
		};
		09E7B91D1AA99131006E7442 /* Circle */ = {
			isa = PBXGroup;
			children = (
				09E7B9231AA991B2006E7442 /* CircleListViewController.swift */,
				09E7B9261AA995C8006E7442 /* PostListViewController.swift */,
				090021581AB7EDD5000CFA53 /* PostDetailViewController.swift */,
				091CE90F1AB94FD0002C99DE /* AddCommentViewController.swift */,
			);
			path = Circle;
			sourceTree = "<group>";
		};
		09E7B91E1AA99131006E7442 /* Main */ = {
			isa = PBXGroup;
			children = (
				09E7B91F1AA99143006E7442 /* MenuViewController.swift */,
			);
			path = Main;
			sourceTree = "<group>";
		};
		09E7B9281AA997A2006E7442 /* View */ = {
			isa = PBXGroup;
			children = (
				09E7B9291AA997C5006E7442 /* Circle */,
			);
			path = View;
			sourceTree = "<group>";
		};
		09E7B9291AA997C5006E7442 /* Circle */ = {
			isa = PBXGroup;
			children = (
				09E7B92A1AA997E3006E7442 /* PostListCell.swift */,
				09E7B92B1AA997E3006E7442 /* PostListCell.xib */,
				095716201AB6D7880061F2C8 /* CircleListCell.swift */,
				095716211AB6D7880061F2C8 /* CircleListCell.xib */,
				090021D71AB805D8000CFA53 /* CommentCell.swift */,
				090021D81AB805D8000CFA53 /* CommentCell.xib */,
				095E4B381AB80C7B00BF64BE /* PostDetailCell.swift */,
				095E4B391AB80C7B00BF64BE /* PostDetailCell.xib */,
			);
			path = Circle;
			sourceTree = "<group>";
		};
		09E7B92E1AA9A50D006E7442 /* Model */ = {
			isa = PBXGroup;
			children = (
				091CE9091AB91FEC002C99DE /* DataList */,
				09E7B92F1AA9A542006E7442 /* PostModel.swift */,
				095716191AB6CAB00061F2C8 /* CircleModel.swift */,
				0957161E1AB6CE290061F2C8 /* BaseModel.swift */,
				611FFC3B1AB84E62008F8B5B /* CommentModel.swift */,
				611FFC3F1AB85397008F8B5B /* UserModel.swift */,
			);
			path = Model;
			sourceTree = "<group>";
		};
		09FC1A201AB9167B0076B727 /* PullToRefresh */ = {
			isa = PBXGroup;
			children = (
				09FC1A211AB9167B0076B727 /* pulltorefresharrow.png */,
				09FC1A221AB9167B0076B727 /* PullToRefreshConst.swift */,
				09FC1A231AB9167B0076B727 /* PullToRefreshView.swift */,
				09FC1A241AB9167B0076B727 /* UIScrollViewExtension.swift */,
			);
			path = PullToRefresh;
			sourceTree = "<group>";
		};
		09FC1A291AB916880076B727 /* GCPlaceHolderTextView */ = {
			isa = PBXGroup;
			children = (
				09FC1A2A1AB916880076B727 /* GCPlaceholderTextView.h */,
				09FC1A2B1AB916880076B727 /* GCPlaceholderTextView.m */,
			);
			path = GCPlaceHolderTextView;
			sourceTree = "<group>";
		};
		09FC1A2D1AB9168D0076B727 /* AwesomeCache */ = {
			isa = PBXGroup;
			children = (
				09FC1A2E1AB9168D0076B727 /* Cache.swift */,
				09FC1A2F1AB9168D0076B727 /* CacheObject.swift */,
			);
			path = AwesomeCache;
			sourceTree = "<group>";
		};
		09FC1A351AB916CA0076B727 /* Controller */ = {
			isa = PBXGroup;
			children = (
				09FC1A361AB916E00076B727 /* BaseViewController.swift */,
				09543B681AB9187200AAE37B /* BaseTableViewController.swift */,
			);
			path = Controller;
			sourceTree = "<group>";
		};
		09FC1A381AB917250076B727 /* Common */ = {
			isa = PBXGroup;
			children = (
				09FC1A391AB917350076B727 /* SKBaseViewController.swift */,
			);
			path = Common;
			sourceTree = "<group>";
		};
		2931938D7ACCA179199ACDCE /* Pods */ = {
			isa = PBXGroup;
			children = (
				0D10E7A9D3F64358392E269B /* Pods.debug.xcconfig */,
				04573E389BDEBF93DB35F4C9 /* Pods.release.xcconfig */,
			);
			name = Pods;
			sourceTree = "<group>";
		};
		5C6D0B20069E4F9D0BA1F899 /* Frameworks */ = {
			isa = PBXGroup;
			children = (
				0FCE9D7A4E86D3DF82929A78 /* libPods.a */,
			);
			name = Frameworks;
			sourceTree = "<group>";
		};
/* End PBXGroup section */

/* Begin PBXNativeTarget section */
		09E7B8F71AA98892006E7442 /* Skating */ = {
			isa = PBXNativeTarget;
			buildConfigurationList = 09E7B9171AA98892006E7442 /* Build configuration list for PBXNativeTarget "Skating" */;
			buildPhases = (
				EF3C7184EF17831300592543 /* Check Pods Manifest.lock */,
				09E7B8F41AA98892006E7442 /* Sources */,
				09E7B8F51AA98892006E7442 /* Frameworks */,
				09E7B8F61AA98892006E7442 /* Resources */,
				41CF0622A2D0F20443B7748F /* Copy Pods Resources */,
			);
			buildRules = (
			);
			dependencies = (
			);
			name = Skating;
			productName = Skating;
			productReference = 09E7B8F81AA98892006E7442 /* Skating.app */;
			productType = "com.apple.product-type.application";
		};
		09E7B90C1AA98892006E7442 /* SkatingTests */ = {
			isa = PBXNativeTarget;
			buildConfigurationList = 09E7B91A1AA98892006E7442 /* Build configuration list for PBXNativeTarget "SkatingTests" */;
			buildPhases = (
				09E7B9091AA98892006E7442 /* Sources */,
				09E7B90A1AA98892006E7442 /* Frameworks */,
				09E7B90B1AA98892006E7442 /* Resources */,
			);
			buildRules = (
			);
			dependencies = (
				09E7B90F1AA98892006E7442 /* PBXTargetDependency */,
			);
			name = SkatingTests;
			productName = SkatingTests;
			productReference = 09E7B90D1AA98892006E7442 /* SkatingTests.xctest */;
			productType = "com.apple.product-type.bundle.unit-test";
		};
/* End PBXNativeTarget section */

/* Begin PBXProject section */
		09E7B8F01AA98891006E7442 /* Project object */ = {
			isa = PBXProject;
			attributes = {
				LastUpgradeCheck = 0610;
				ORGANIZATIONNAME = wusj;
				TargetAttributes = {
					09E7B8F71AA98892006E7442 = {
						CreatedOnToolsVersion = 6.1.1;
					};
					09E7B90C1AA98892006E7442 = {
						CreatedOnToolsVersion = 6.1.1;
						TestTargetID = 09E7B8F71AA98892006E7442;
					};
				};
			};
			buildConfigurationList = 09E7B8F31AA98891006E7442 /* Build configuration list for PBXProject "Skating" */;
			compatibilityVersion = "Xcode 3.2";
			developmentRegion = English;
			hasScannedForEncodings = 0;
			knownRegions = (
				en,
				Base,
			);
			mainGroup = 09E7B8EF1AA98891006E7442;
			productRefGroup = 09E7B8F91AA98892006E7442 /* Products */;
			projectDirPath = "";
			projectRoot = "";
			targets = (
				09E7B8F71AA98892006E7442 /* Skating */,
				09E7B90C1AA98892006E7442 /* SkatingTests */,
			);
		};
/* End PBXProject section */

/* Begin PBXResourcesBuildPhase section */
		09E7B8F61AA98892006E7442 /* Resources */ = {
			isa = PBXResourcesBuildPhase;
			buildActionMask = 2147483647;
			files = (
				09E7B9031AA98892006E7442 /* Main.storyboard in Resources */,
				09E7B9081AA98892006E7442 /* LaunchScreen.xib in Resources */,
				091CE9281AB96072002C99DE /* common_alert_bg.png in Resources */,
				091CE91A1AB95F8A002C99DE /* loading_2.png in Resources */,
				091CE91C1AB95F9D002C99DE /* loading_3.png in Resources */,
				091CE9241AB95FDE002C99DE /* loading_7.png in Resources */,
				091CE9181AB95F72002C99DE /* loading_1.png in Resources */,
				091CE9141AB95D86002C99DE /* common_success.png in Resources */,
				091CE9221AB95FCE002C99DE /* loading_6.png in Resources */,
				091CE91E1AB95FAB002C99DE /* loading_4.png in Resources */,
				095716231AB6D7880061F2C8 /* CircleListCell.xib in Resources */,
				09FC1A251AB9167B0076B727 /* pulltorefresharrow.png in Resources */,
				090021DA1AB805D8000CFA53 /* CommentCell.xib in Resources */,
				095E4B3B1AB80C7B00BF64BE /* PostDetailCell.xib in Resources */,
				091CE9201AB95FC0002C99DE /* loading_5.png in Resources */,
				091CE9261AB95FEA002C99DE /* loading_8.png in Resources */,
				091CE9161AB95DA3002C99DE /* common_error.png in Resources */,
				09E7B9051AA98892006E7442 /* Images.xcassets in Resources */,
				09E7B92D1AA997E3006E7442 /* PostListCell.xib in Resources */,
			);
			runOnlyForDeploymentPostprocessing = 0;
		};
		09E7B90B1AA98892006E7442 /* Resources */ = {
			isa = PBXResourcesBuildPhase;
			buildActionMask = 2147483647;
			files = (
			);
			runOnlyForDeploymentPostprocessing = 0;
		};
/* End PBXResourcesBuildPhase section */

/* Begin PBXShellScriptBuildPhase section */
		41CF0622A2D0F20443B7748F /* Copy Pods Resources */ = {
			isa = PBXShellScriptBuildPhase;
			buildActionMask = 2147483647;
			files = (
			);
			inputPaths = (
			);
			name = "Copy Pods Resources";
			outputPaths = (
			);
			runOnlyForDeploymentPostprocessing = 0;
			shellPath = /bin/sh;
			shellScript = "\"${SRCROOT}/Pods/Target Support Files/Pods/Pods-resources.sh\"\n";
			showEnvVarsInLog = 0;
		};
		EF3C7184EF17831300592543 /* Check Pods Manifest.lock */ = {
			isa = PBXShellScriptBuildPhase;
			buildActionMask = 2147483647;
			files = (
			);
			inputPaths = (
			);
			name = "Check Pods Manifest.lock";
			outputPaths = (
			);
			runOnlyForDeploymentPostprocessing = 0;
			shellPath = /bin/sh;
			shellScript = "diff \"${PODS_ROOT}/../Podfile.lock\" \"${PODS_ROOT}/Manifest.lock\" > /dev/null\nif [[ $? != 0 ]] ; then\n    cat << EOM\nerror: The sandbox is not in sync with the Podfile.lock. Run 'pod install' or update your CocoaPods installation.\nEOM\n    exit 1\nfi\n";
			showEnvVarsInLog = 0;
		};
/* End PBXShellScriptBuildPhase section */

/* Begin PBXSourcesBuildPhase section */
		09E7B8F41AA98892006E7442 /* Sources */ = {
			isa = PBXSourcesBuildPhase;
			buildActionMask = 2147483647;
			files = (
				095716181AB6C6B40061F2C8 /* SideMenuViewController.swift in Sources */,
				091CE90B1AB91FF7002C99DE /* PostList.swift in Sources */,
				09543B691AB9187200AAE37B /* BaseTableViewController.swift in Sources */,
				090021591AB7EDD5000CFA53 /* PostDetailViewController.swift in Sources */,
				095E4B401AB80DFB00BF64BE /* AutoHeiLabel.swift in Sources */,
				09FC1A191AB916580076B727 /* LoadMoreView.swift in Sources */,
				09FC1A371AB916E00076B727 /* BaseViewController.swift in Sources */,
				090021D91AB805D8000CFA53 /* CommentCell.swift in Sources */,
				611FFC3E1AB8505E008F8B5B /* CommentAPI.swift in Sources */,
				611FFC3C1AB84E62008F8B5B /* CommentModel.swift in Sources */,
				090021551AB7D0A8000CFA53 /* PostAPI.swift in Sources */,
				0957161F1AB6CE290061F2C8 /* BaseModel.swift in Sources */,
				091CE90E1AB92C04002C99DE /* WodeViewController.swift in Sources */,
				095E4B3F1AB80DFB00BF64BE /* AutoHeiImageView.swift in Sources */,
				091CE9121AB95D64002C99DE /* TMAlertView.swift in Sources */,
				09FC1A1B1AB916610076B727 /* SwiftyJSON.swift in Sources */,
				09FC1A121AB914610076B727 /* Constant.swift in Sources */,
				09E7B9271AA995C8006E7442 /* PostListViewController.swift in Sources */,
				0957161A1AB6CAB00061F2C8 /* CircleModel.swift in Sources */,
				095716221AB6D7880061F2C8 /* CircleListCell.swift in Sources */,
				09E7B9201AA99143006E7442 /* MenuViewController.swift in Sources */,
				0957161D1AB6CC360061F2C8 /* DataList.swift in Sources */,
				09FC1A301AB9168D0076B727 /* Cache.swift in Sources */,
				09E7B9301AA9A542006E7442 /* PostModel.swift in Sources */,
				090021521AB7CD8E000CFA53 /* NetConstant.swift in Sources */,
				09FC1A261AB9167B0076B727 /* PullToRefreshConst.swift in Sources */,
				09FC1A311AB9168D0076B727 /* CacheObject.swift in Sources */,
				09E7B92C1AA997E3006E7442 /* PostListCell.swift in Sources */,
				09E7B8FE1AA98892006E7442 /* AppDelegate.swift in Sources */,
				09FC1A141AB914980076B727 /* CommonExtensionCollection.swift in Sources */,
				095E4B3A1AB80C7B00BF64BE /* PostDetailCell.swift in Sources */,
				09FC1A281AB9167B0076B727 /* UIScrollViewExtension.swift in Sources */,
				09FC1A3A1AB917350076B727 /* SKBaseViewController.swift in Sources */,
				0900214C1AB7CD5B000CFA53 /* HTTPRequestSerializer.swift in Sources */,
				090021571AB7ECEE000CFA53 /* CircleAPI.swift in Sources */,
				09FC1A2C1AB916880076B727 /* GCPlaceholderTextView.m in Sources */,
				09543B6B1AB91AE300AAE37B /* PublicFunc.swift in Sources */,
				091CE9101AB94FD0002C99DE /* AddCommentViewController.swift in Sources */,
				611FFC401AB85397008F8B5B /* UserModel.swift in Sources */,
				0900214E1AB7CD5B000CFA53 /* HTTPTask.swift in Sources */,
				0900214F1AB7CD5B000CFA53 /* HTTPUpload.swift in Sources */,
				09E7B9241AA991B2006E7442 /* CircleListViewController.swift in Sources */,
				09FC1A271AB9167B0076B727 /* PullToRefreshView.swift in Sources */,
				090021451AB7CD04000CFA53 /* BaseAPI.swift in Sources */,
				0900214D1AB7CD5B000CFA53 /* HTTPResponseSerializer.swift in Sources */,
				09FC1A341AB916960076B727 /* Reachability.m in Sources */,
				09FC1A1F1AB9166E0076B727 /* TMImageLoader.swift in Sources */,
			);
			runOnlyForDeploymentPostprocessing = 0;
		};
		09E7B9091AA98892006E7442 /* Sources */ = {
			isa = PBXSourcesBuildPhase;
			buildActionMask = 2147483647;
			files = (
				09E7B9141AA98892006E7442 /* SkatingTests.swift in Sources */,
			);
			runOnlyForDeploymentPostprocessing = 0;
		};
/* End PBXSourcesBuildPhase section */

/* Begin PBXTargetDependency section */
		09E7B90F1AA98892006E7442 /* PBXTargetDependency */ = {
			isa = PBXTargetDependency;
			target = 09E7B8F71AA98892006E7442 /* Skating */;
			targetProxy = 09E7B90E1AA98892006E7442 /* PBXContainerItemProxy */;
		};
/* End PBXTargetDependency section */

/* Begin PBXVariantGroup section */
		09E7B9011AA98892006E7442 /* Main.storyboard */ = {
			isa = PBXVariantGroup;
			children = (
				09E7B9021AA98892006E7442 /* Base */,
			);
			name = Main.storyboard;
			sourceTree = "<group>";
		};
		09E7B9061AA98892006E7442 /* LaunchScreen.xib */ = {
			isa = PBXVariantGroup;
			children = (
				09E7B9071AA98892006E7442 /* Base */,
			);
			name = LaunchScreen.xib;
			sourceTree = "<group>";
		};
/* End PBXVariantGroup section */

/* Begin XCBuildConfiguration section */
		09E7B9151AA98892006E7442 /* Debug */ = {
			isa = XCBuildConfiguration;
			buildSettings = {
				ALWAYS_SEARCH_USER_PATHS = NO;
				CLANG_CXX_LANGUAGE_STANDARD = "gnu++0x";
				CLANG_CXX_LIBRARY = "libc++";
				CLANG_ENABLE_MODULES = YES;
				CLANG_ENABLE_OBJC_ARC = YES;
				CLANG_WARN_BOOL_CONVERSION = YES;
				CLANG_WARN_CONSTANT_CONVERSION = YES;
				CLANG_WARN_DIRECT_OBJC_ISA_USAGE = YES_ERROR;
				CLANG_WARN_EMPTY_BODY = YES;
				CLANG_WARN_ENUM_CONVERSION = YES;
				CLANG_WARN_INT_CONVERSION = YES;
				CLANG_WARN_OBJC_ROOT_CLASS = YES_ERROR;
				CLANG_WARN_UNREACHABLE_CODE = YES;
				CLANG_WARN__DUPLICATE_METHOD_MATCH = YES;
				"CODE_SIGN_IDENTITY[sdk=iphoneos*]" = "iPhone Developer";
				COPY_PHASE_STRIP = NO;
				ENABLE_STRICT_OBJC_MSGSEND = YES;
				GCC_C_LANGUAGE_STANDARD = gnu99;
				GCC_DYNAMIC_NO_PIC = NO;
				GCC_OPTIMIZATION_LEVEL = 0;
				GCC_PREPROCESSOR_DEFINITIONS = (
					"DEBUG=1",
					"$(inherited)",
				);
				GCC_SYMBOLS_PRIVATE_EXTERN = NO;
				GCC_WARN_64_TO_32_BIT_CONVERSION = YES;
				GCC_WARN_ABOUT_RETURN_TYPE = YES_ERROR;
				GCC_WARN_UNDECLARED_SELECTOR = YES;
				GCC_WARN_UNINITIALIZED_AUTOS = YES_AGGRESSIVE;
				GCC_WARN_UNUSED_FUNCTION = YES;
				GCC_WARN_UNUSED_VARIABLE = YES;
				IPHONEOS_DEPLOYMENT_TARGET = 7.0;
				MTL_ENABLE_DEBUG_INFO = YES;
				ONLY_ACTIVE_ARCH = YES;
				SDKROOT = iphoneos;
				SWIFT_OPTIMIZATION_LEVEL = "-Onone";
			};
			name = Debug;
		};
		09E7B9161AA98892006E7442 /* Release */ = {
			isa = XCBuildConfiguration;
			buildSettings = {
				ALWAYS_SEARCH_USER_PATHS = NO;
				CLANG_CXX_LANGUAGE_STANDARD = "gnu++0x";
				CLANG_CXX_LIBRARY = "libc++";
				CLANG_ENABLE_MODULES = YES;
				CLANG_ENABLE_OBJC_ARC = YES;
				CLANG_WARN_BOOL_CONVERSION = YES;
				CLANG_WARN_CONSTANT_CONVERSION = YES;
				CLANG_WARN_DIRECT_OBJC_ISA_USAGE = YES_ERROR;
				CLANG_WARN_EMPTY_BODY = YES;
				CLANG_WARN_ENUM_CONVERSION = YES;
				CLANG_WARN_INT_CONVERSION = YES;
				CLANG_WARN_OBJC_ROOT_CLASS = YES_ERROR;
				CLANG_WARN_UNREACHABLE_CODE = YES;
				CLANG_WARN__DUPLICATE_METHOD_MATCH = YES;
				"CODE_SIGN_IDENTITY[sdk=iphoneos*]" = "iPhone Developer";
				COPY_PHASE_STRIP = YES;
				ENABLE_NS_ASSERTIONS = NO;
				ENABLE_STRICT_OBJC_MSGSEND = YES;
				GCC_C_LANGUAGE_STANDARD = gnu99;
				GCC_WARN_64_TO_32_BIT_CONVERSION = YES;
				GCC_WARN_ABOUT_RETURN_TYPE = YES_ERROR;
				GCC_WARN_UNDECLARED_SELECTOR = YES;
				GCC_WARN_UNINITIALIZED_AUTOS = YES_AGGRESSIVE;
				GCC_WARN_UNUSED_FUNCTION = YES;
				GCC_WARN_UNUSED_VARIABLE = YES;
				IPHONEOS_DEPLOYMENT_TARGET = 7.0;
				MTL_ENABLE_DEBUG_INFO = NO;
				SDKROOT = iphoneos;
				VALIDATE_PRODUCT = YES;
			};
			name = Release;
		};
		09E7B9181AA98892006E7442 /* Debug */ = {
			isa = XCBuildConfiguration;
			baseConfigurationReference = 0D10E7A9D3F64358392E269B /* Pods.debug.xcconfig */;
			buildSettings = {
				ASSETCATALOG_COMPILER_APPICON_NAME = AppIcon;
				INFOPLIST_FILE = Skating/Info.plist;
				LD_RUNPATH_SEARCH_PATHS = "$(inherited) @executable_path/Frameworks";
				PRODUCT_NAME = "$(TARGET_NAME)";
				SWIFT_OBJC_BRIDGING_HEADER = Skating/bridge.h;
			};
			name = Debug;
		};
		09E7B9191AA98892006E7442 /* Release */ = {
			isa = XCBuildConfiguration;
			baseConfigurationReference = 04573E389BDEBF93DB35F4C9 /* Pods.release.xcconfig */;
			buildSettings = {
				ASSETCATALOG_COMPILER_APPICON_NAME = AppIcon;
				INFOPLIST_FILE = Skating/Info.plist;
				LD_RUNPATH_SEARCH_PATHS = "$(inherited) @executable_path/Frameworks";
				PRODUCT_NAME = "$(TARGET_NAME)";
				SWIFT_OBJC_BRIDGING_HEADER = Skating/bridge.h;
			};
			name = Release;
		};
		09E7B91B1AA98892006E7442 /* Debug */ = {
			isa = XCBuildConfiguration;
			buildSettings = {
				BUNDLE_LOADER = "$(TEST_HOST)";
				FRAMEWORK_SEARCH_PATHS = (
					"$(SDKROOT)/Developer/Library/Frameworks",
					"$(inherited)",
				);
				GCC_PREPROCESSOR_DEFINITIONS = (
					"DEBUG=1",
					"$(inherited)",
				);
				INFOPLIST_FILE = SkatingTests/Info.plist;
				LD_RUNPATH_SEARCH_PATHS = "$(inherited) @executable_path/Frameworks @loader_path/Frameworks";
				PRODUCT_NAME = "$(TARGET_NAME)";
				TEST_HOST = "$(BUILT_PRODUCTS_DIR)/Skating.app/Skating";
			};
			name = Debug;
		};
		09E7B91C1AA98892006E7442 /* Release */ = {
			isa = XCBuildConfiguration;
			buildSettings = {
				BUNDLE_LOADER = "$(TEST_HOST)";
				FRAMEWORK_SEARCH_PATHS = (
					"$(SDKROOT)/Developer/Library/Frameworks",
					"$(inherited)",
				);
				INFOPLIST_FILE = SkatingTests/Info.plist;
				LD_RUNPATH_SEARCH_PATHS = "$(inherited) @executable_path/Frameworks @loader_path/Frameworks";
				PRODUCT_NAME = "$(TARGET_NAME)";
				TEST_HOST = "$(BUILT_PRODUCTS_DIR)/Skating.app/Skating";
			};
			name = Release;
		};
/* End XCBuildConfiguration section */

/* Begin XCConfigurationList section */
		09E7B8F31AA98891006E7442 /* Build configuration list for PBXProject "Skating" */ = {
			isa = XCConfigurationList;
			buildConfigurations = (
				09E7B9151AA98892006E7442 /* Debug */,
				09E7B9161AA98892006E7442 /* Release */,
			);
			defaultConfigurationIsVisible = 0;
			defaultConfigurationName = Release;
		};
		09E7B9171AA98892006E7442 /* Build configuration list for PBXNativeTarget "Skating" */ = {
			isa = XCConfigurationList;
			buildConfigurations = (
				09E7B9181AA98892006E7442 /* Debug */,
				09E7B9191AA98892006E7442 /* Release */,
			);
			defaultConfigurationIsVisible = 0;
			defaultConfigurationName = Release;
		};
		09E7B91A1AA98892006E7442 /* Build configuration list for PBXNativeTarget "SkatingTests" */ = {
			isa = XCConfigurationList;
			buildConfigurations = (
				09E7B91B1AA98892006E7442 /* Debug */,
				09E7B91C1AA98892006E7442 /* Release */,
			);
			defaultConfigurationIsVisible = 0;
			defaultConfigurationName = Release;
		};
/* End XCConfigurationList section */
	};
	rootObject = 09E7B8F01AA98891006E7442 /* Project object */;
}
